// !$*UTF8*$!
{
	archiveVersion = 1;
	classes = {
	};
	objectVersion = 60;
	objects = {

/* Begin PBXBuildFile section */
		F50000000000000000000007 /* ForgeWidgetContent.swift in Sources */ = {isa = PBXBuildFile; fileRef = F50000000000000000000013 /* ForgeWidgetContent.swift */; };
		F50000000000000000000008 /* ForgeWidgetContent.swift in Sources */ = {isa = PBXBuildFile; fileRef = F50000000000000000000013 /* ForgeWidgetContent.swift */; };
		F50000000000000000000004 /* ForgeWidgetView.swift in Sources */ = {isa = PBXBuildFile; fileRef = F20000000000000000000013 /* ForgeWidgetView.swift */; };
		F50000000000000000000005 /* ForgeWidgetProvider.swift in Sources */ = {isa = PBXBuildFile; fileRef = F20000000000000000000012 /* ForgeWidgetProvider.swift */; };
		F50000000000000000000006 /* ForgeWidgetIntent.swift in Sources */ = {isa = PBXBuildFile; fileRef = F20000000000000000000011 /* ForgeWidgetIntent.swift */; };
		F50000000000000000000001 /* MiniTrend.swift in Sources */ = {isa = PBXBuildFile; fileRef = F50000000000000000000011 /* MiniTrend.swift */; };
		F50000000000000000000002 /* MiniTrend.swift in Sources */ = {isa = PBXBuildFile; fileRef = F50000000000000000000011 /* MiniTrend.swift */; };
		F50000000000000000000003 /* WidgetTrendTests.swift in Sources */ = {isa = PBXBuildFile; fileRef = F50000000000000000000012 /* WidgetTrendTests.swift */; };
		F40000000000000000000001 /* SceneDelegate.swift in Sources */ = {isa = PBXBuildFile; fileRef = F40000000000000000000011 /* SceneDelegate.swift */; };
		F10000000000000000000001 /* ForgeWidgetStoreTests.swift in Sources */ = {isa = PBXBuildFile; fileRef = F10000000000000000000011 /* ForgeWidgetStoreTests.swift */; };
		F10000000000000000000002 /* XCTest.framework in Frameworks */ = {isa = PBXBuildFile; fileRef = F10000000000000000000014 /* XCTest.framework */; };
		F10000000000000000000003 /* ForgeWidgetStore.swift in Sources */ = {isa = PBXBuildFile; fileRef = F10000000000000000000013 /* ForgeWidgetStore.swift */; };
		F10000000000000000000004 /* ForgeWidgetStore.swift in Sources */ = {isa = PBXBuildFile; fileRef = F10000000000000000000013 /* ForgeWidgetStore.swift */; };
		F10000000000000000000005 /* ForgeWidgetPlugin.swift in Sources */ = {isa = PBXBuildFile; fileRef = F10000000000000000000015 /* ForgeWidgetPlugin.swift */; };
		F10000000000000000000006 /* ForgeBridgeViewController.swift in Sources */ = {isa = PBXBuildFile; fileRef = F10000000000000000000016 /* ForgeBridgeViewController.swift */; };
		F10000000000000000000007 /* WidgetProviderTests.swift in Sources */ = {isa = PBXBuildFile; fileRef = F10000000000000000000017 /* WidgetProviderTests.swift */; };
		F10000000000000000000008 /* WidgetAPIClient.swift in Sources */ = {isa = PBXBuildFile; fileRef = F10000000000000000000018 /* WidgetAPIClient.swift */; };
		F10000000000000000000009 /* WidgetFormattingTests.swift in Sources */ = {isa = PBXBuildFile; fileRef = F10000000000000000000019 /* WidgetFormattingTests.swift */; };
		F30000000000000000000001 /* ForgeBridgeRegistrationTests.swift in Sources */ = {isa = PBXBuildFile; fileRef = F30000000000000000000011 /* ForgeBridgeRegistrationTests.swift */; };
		F30000000000000000000004 /* CapApp-SPM in Frameworks */ = {isa = PBXBuildFile; productRef = 4D22ABE82AF431CB00220026 /* CapApp-SPM */; };
		F20000000000000000000001 /* ForgeWidgetStore.swift in Sources */ = {isa = PBXBuildFile; fileRef = F10000000000000000000013 /* ForgeWidgetStore.swift */; };
		F20000000000000000000002 /* WidgetAPIClient.swift in Sources */ = {isa = PBXBuildFile; fileRef = F10000000000000000000018 /* WidgetAPIClient.swift */; };
		F20000000000000000000003 /* ForgeWidgetIntent.swift in Sources */ = {isa = PBXBuildFile; fileRef = F20000000000000000000011 /* ForgeWidgetIntent.swift */; };
		F20000000000000000000004 /* ForgeWidgetProvider.swift in Sources */ = {isa = PBXBuildFile; fileRef = F20000000000000000000012 /* ForgeWidgetProvider.swift */; };
		F20000000000000000000005 /* ForgeWidgetView.swift in Sources */ = {isa = PBXBuildFile; fileRef = F20000000000000000000013 /* ForgeWidgetView.swift */; };
		F20000000000000000000006 /* ForgeWidgets.swift in Sources */ = {isa = PBXBuildFile; fileRef = F20000000000000000000014 /* ForgeWidgets.swift */; };
		F20000000000000000000007 /* ForgeWidgets.appex in Embed App Extensions */ = {isa = PBXBuildFile; fileRef = F20000000000000000000010 /* ForgeWidgets.appex */; settings = {ATTRIBUTES = (RemoveHeadersOnCopy, ); }; };
		F20000000000000000000009 /* WidgetFormatting.swift in Sources */ = {isa = PBXBuildFile; fileRef = F20000000000000000000017 /* WidgetFormatting.swift */; };
		F2000000000000000000000A /* WidgetFormatting.swift in Sources */ = {isa = PBXBuildFile; fileRef = F20000000000000000000017 /* WidgetFormatting.swift */; };
		2FAD9763203C412B000D30F8 /* config.xml in Resources */ = {isa = PBXBuildFile; fileRef = 2FAD9762203C412B000D30F8 /* config.xml */; };
		4D22ABE92AF431CB00220026 /* CapApp-SPM in Frameworks */ = {isa = PBXBuildFile; productRef = 4D22ABE82AF431CB00220026 /* CapApp-SPM */; };
		50379B232058CBB4000EE86E /* capacitor.config.json in Resources */ = {isa = PBXBuildFile; fileRef = 50379B222058CBB4000EE86E /* capacitor.config.json */; };
		504EC3081FED79650016851F /* AppDelegate.swift in Sources */ = {isa = PBXBuildFile; fileRef = 504EC3071FED79650016851F /* AppDelegate.swift */; };
		504EC30D1FED79650016851F /* Main.storyboard in Resources */ = {isa = PBXBuildFile; fileRef = 504EC30B1FED79650016851F /* Main.storyboard */; };
		504EC30F1FED79650016851F /* Assets.xcassets in Resources */ = {isa = PBXBuildFile; fileRef = 504EC30E1FED79650016851F /* Assets.xcassets */; };
		504EC3121FED79650016851F /* LaunchScreen.storyboard in Resources */ = {isa = PBXBuildFile; fileRef = 504EC3101FED79650016851F /* LaunchScreen.storyboard */; };
		A1B2C3D4E5F60718293A4B5C /* PrivacyInfo.xcprivacy in Resources */ = {isa = PBXBuildFile; fileRef = A1B2C3D4E5F60718293A4B5B /* PrivacyInfo.xcprivacy */; };
		50B271D11FEDC1A000F3C39B /* public in Resources */ = {isa = PBXBuildFile; fileRef = 50B271D01FEDC1A000F3C39B /* public */; };
/* End PBXBuildFile section */

/* Begin PBXContainerItemProxy section */
		F30000000000000000000020 /* PBXContainerItemProxy */ = {
			isa = PBXContainerItemProxy;
			containerPortal = 504EC2FC1FED79650016851F /* Project object */;
			proxyType = 1;
			remoteGlobalIDString = 504EC3031FED79650016851F;
			remoteInfo = App;
		};
		F20000000000000000000060 /* PBXContainerItemProxy */ = {
			isa = PBXContainerItemProxy;
			containerPortal = 504EC2FC1FED79650016851F /* Project object */;
			proxyType = 1;
			remoteGlobalIDString = F20000000000000000000040;
			remoteInfo = ForgeWidgets;
		};
/* End PBXContainerItemProxy section */

/* Begin PBXCopyFilesBuildPhase section */
		F20000000000000000000023 /* Embed App Extensions */ = {
			isa = PBXCopyFilesBuildPhase;
			buildActionMask = 2147483647;
			dstPath = "";
			dstSubfolderSpec = 13;
			files = (
				F20000000000000000000007 /* ForgeWidgets.appex in Embed App Extensions */,
			);
			name = "Embed App Extensions";
			runOnlyForDeploymentPostprocessing = 0;
		};
/* End PBXCopyFilesBuildPhase section */

/* Begin PBXFileReference section */
		F50000000000000000000013 /* ForgeWidgetContent.swift */ = {isa = PBXFileReference; lastKnownFileType = sourcecode.swift; path = ForgeWidgetContent.swift; sourceTree = "<group>"; };
		F50000000000000000000011 /* MiniTrend.swift */ = {isa = PBXFileReference; lastKnownFileType = sourcecode.swift; path = MiniTrend.swift; sourceTree = "<group>"; };
		F50000000000000000000012 /* WidgetTrendTests.swift */ = {isa = PBXFileReference; lastKnownFileType = sourcecode.swift; path = WidgetTrendTests.swift; sourceTree = "<group>"; };
		F40000000000000000000011 /* SceneDelegate.swift */ = {isa = PBXFileReference; lastKnownFileType = sourcecode.swift; path = SceneDelegate.swift; sourceTree = "<group>"; };
		F10000000000000000000010 /* ForgeWidgetTests.xctest */ = {isa = PBXFileReference; explicitFileType = wrapper.cfbundle; includeInIndex = 0; path = ForgeWidgetTests.xctest; sourceTree = BUILT_PRODUCTS_DIR; };
		F10000000000000000000011 /* ForgeWidgetStoreTests.swift */ = {isa = PBXFileReference; lastKnownFileType = sourcecode.swift; path = ForgeWidgetStoreTests.swift; sourceTree = "<group>"; };
		F10000000000000000000012 /* Info.plist */ = {isa = PBXFileReference; lastKnownFileType = text.plist.xml; path = Info.plist; sourceTree = "<group>"; };
		F10000000000000000000013 /* ForgeWidgetStore.swift */ = {isa = PBXFileReference; lastKnownFileType = sourcecode.swift; path = ForgeWidgetStore.swift; sourceTree = "<group>"; };
		F10000000000000000000014 /* XCTest.framework */ = {isa = PBXFileReference; lastKnownFileType = wrapper.framework; name = XCTest.framework; path = System/Library/Frameworks/XCTest.framework; sourceTree = SDKROOT; };
		F10000000000000000000015 /* ForgeWidgetPlugin.swift */ = {isa = PBXFileReference; lastKnownFileType = sourcecode.swift; path = ForgeWidgetPlugin.swift; sourceTree = "<group>"; };
		F10000000000000000000016 /* ForgeBridgeViewController.swift */ = {isa = PBXFileReference; lastKnownFileType = sourcecode.swift; path = ForgeBridgeViewController.swift; sourceTree = "<group>"; };
		F10000000000000000000017 /* WidgetProviderTests.swift */ = {isa = PBXFileReference; lastKnownFileType = sourcecode.swift; path = WidgetProviderTests.swift; sourceTree = "<group>"; };
		F10000000000000000000018 /* WidgetAPIClient.swift */ = {isa = PBXFileReference; lastKnownFileType = sourcecode.swift; path = WidgetAPIClient.swift; sourceTree = "<group>"; };
		F10000000000000000000019 /* WidgetFormattingTests.swift */ = {isa = PBXFileReference; lastKnownFileType = sourcecode.swift; path = WidgetFormattingTests.swift; sourceTree = "<group>"; };
		F30000000000000000000011 /* ForgeBridgeRegistrationTests.swift */ = {isa = PBXFileReference; lastKnownFileType = sourcecode.swift; path = ForgeBridgeRegistrationTests.swift; sourceTree = "<group>"; };
		F20000000000000000000010 /* ForgeWidgets.appex */ = {isa = PBXFileReference; explicitFileType = "wrapper.app-extension"; includeInIndex = 0; path = ForgeWidgets.appex; sourceTree = BUILT_PRODUCTS_DIR; };
		F20000000000000000000011 /* ForgeWidgetIntent.swift */ = {isa = PBXFileReference; lastKnownFileType = sourcecode.swift; path = ForgeWidgetIntent.swift; sourceTree = "<group>"; };
		F20000000000000000000012 /* ForgeWidgetProvider.swift */ = {isa = PBXFileReference; lastKnownFileType = sourcecode.swift; path = ForgeWidgetProvider.swift; sourceTree = "<group>"; };
		F20000000000000000000013 /* ForgeWidgetView.swift */ = {isa = PBXFileReference; lastKnownFileType = sourcecode.swift; path = ForgeWidgetView.swift; sourceTree = "<group>"; };
		F20000000000000000000014 /* ForgeWidgets.swift */ = {isa = PBXFileReference; lastKnownFileType = sourcecode.swift; path = ForgeWidgets.swift; sourceTree = "<group>"; };
		F20000000000000000000015 /* Info.plist */ = {isa = PBXFileReference; lastKnownFileType = text.plist.xml; path = Info.plist; sourceTree = "<group>"; };
		F20000000000000000000016 /* ForgeWidgets.entitlements */ = {isa = PBXFileReference; lastKnownFileType = text.plist.entitlements; path = ForgeWidgets.entitlements; sourceTree = "<group>"; };
		F20000000000000000000017 /* WidgetFormatting.swift */ = {isa = PBXFileReference; lastKnownFileType = sourcecode.swift; path = WidgetFormatting.swift; sourceTree = "<group>"; };
		2FAD9762203C412B000D30F8 /* config.xml */ = {isa = PBXFileReference; lastKnownFileType = text.xml; path = config.xml; sourceTree = "<group>"; };
		50379B222058CBB4000EE86E /* capacitor.config.json */ = {isa = PBXFileReference; fileEncoding = 4; lastKnownFileType = text.json; path = capacitor.config.json; sourceTree = "<group>"; };
		504EC3041FED79650016851F /* App.app */ = {isa = PBXFileReference; explicitFileType = wrapper.application; includeInIndex = 0; path = App.app; sourceTree = BUILT_PRODUCTS_DIR; };
		504EC3071FED79650016851F /* AppDelegate.swift */ = {isa = PBXFileReference; lastKnownFileType = sourcecode.swift; path = AppDelegate.swift; sourceTree = "<group>"; };
		504EC30C1FED79650016851F /* Base */ = {isa = PBXFileReference; lastKnownFileType = file.storyboard; name = Base; path = Base.lproj/Main.storyboard; sourceTree = "<group>"; };
		504EC30E1FED79650016851F /* Assets.xcassets */ = {isa = PBXFileReference; lastKnownFileType = folder.assetcatalog; path = Assets.xcassets; sourceTree = "<group>"; };
		504EC3111FED79650016851F /* Base */ = {isa = PBXFileReference; lastKnownFileType = file.storyboard; name = Base; path = Base.lproj/LaunchScreen.storyboard; sourceTree = "<group>"; };
		504EC3131FED79650016851F /* Info.plist */ = {isa = PBXFileReference; lastKnownFileType = text.plist.xml; path = Info.plist; sourceTree = "<group>"; };
		A1B2C3D4E5F60718293A4B5B /* PrivacyInfo.xcprivacy */ = {isa = PBXFileReference; lastKnownFileType = text.plist.xml; path = PrivacyInfo.xcprivacy; sourceTree = "<group>"; };
		50B271D01FEDC1A000F3C39B /* public */ = {isa = PBXFileReference; lastKnownFileType = folder; path = public; sourceTree = "<group>"; };
		958DCC722DB07C7200EA8C5F /* debug.xcconfig */ = {isa = PBXFileReference; lastKnownFileType = text.xcconfig; name = debug.xcconfig; path = ../debug.xcconfig; sourceTree = SOURCE_ROOT; };
/* End PBXFileReference section */

/* Begin PBXFrameworksBuildPhase section */
		F20000000000000000000021 /* Frameworks */ = {
			isa = PBXFrameworksBuildPhase;
			buildActionMask = 2147483647;
			files = (
			);
			runOnlyForDeploymentPostprocessing = 0;
		};
		F10000000000000000000021 /* Frameworks */ = {
			isa = PBXFrameworksBuildPhase;
			buildActionMask = 2147483647;
			files = (
				F10000000000000000000002 /* XCTest.framework in Frameworks */,
				F30000000000000000000004 /* CapApp-SPM in Frameworks */,
			);
			runOnlyForDeploymentPostprocessing = 0;
		};
		504EC3011FED79650016851F /* Frameworks */ = {
			isa = PBXFrameworksBuildPhase;
			buildActionMask = 2147483647;
			files = (
				4D22ABE92AF431CB00220026 /* CapApp-SPM in Frameworks */,
			);
			runOnlyForDeploymentPostprocessing = 0;
		};
/* End PBXFrameworksBuildPhase section */

/* Begin PBXGroup section */
		504EC2FB1FED79650016851F = {
			isa = PBXGroup;
			children = (
				958DCC722DB07C7200EA8C5F /* debug.xcconfig */,
				504EC3061FED79650016851F /* App */,
				F10000000000000000000030 /* ForgeWidgetTests */,
				F10000000000000000000031 /* ForgeWidgets */,
				504EC3051FED79650016851F /* Products */,
				F10000000000000000000014 /* XCTest.framework */,
			);
			sourceTree = "<group>";
		};
		504EC3051FED79650016851F /* Products */ = {
			isa = PBXGroup;
			children = (
				504EC3041FED79650016851F /* App.app */,
				F10000000000000000000010 /* ForgeWidgetTests.xctest */,
				F20000000000000000000010 /* ForgeWidgets.appex */,
			);
			name = Products;
			sourceTree = "<group>";
		};
		504EC3061FED79650016851F /* App */ = {
			isa = PBXGroup;
			children = (
				50379B222058CBB4000EE86E /* capacitor.config.json */,
				504EC3071FED79650016851F /* AppDelegate.swift */,
				F40000000000000000000011 /* SceneDelegate.swift */,
				F10000000000000000000013 /* ForgeWidgetStore.swift */,
				F10000000000000000000015 /* ForgeWidgetPlugin.swift */,
				F10000000000000000000016 /* ForgeBridgeViewController.swift */,
				504EC30B1FED79650016851F /* Main.storyboard */,
				504EC30E1FED79650016851F /* Assets.xcassets */,
				504EC3101FED79650016851F /* LaunchScreen.storyboard */,
				504EC3131FED79650016851F /* Info.plist */,
				A1B2C3D4E5F60718293A4B5B /* PrivacyInfo.xcprivacy */,
				2FAD9762203C412B000D30F8 /* config.xml */,
				50B271D01FEDC1A000F3C39B /* public */,
			);
			path = App;
			sourceTree = "<group>";
		};
		F10000000000000000000030 /* ForgeWidgetTests */ = {
			isa = PBXGroup;
			children = (
				F50000000000000000000012 /* WidgetTrendTests.swift */,
				F30000000000000000000011 /* ForgeBridgeRegistrationTests.swift */,
				F10000000000000000000011 /* ForgeWidgetStoreTests.swift */,
				F10000000000000000000017 /* WidgetProviderTests.swift */,
				F10000000000000000000019 /* WidgetFormattingTests.swift */,
				F10000000000000000000012 /* Info.plist */,
			);
			path = ForgeWidgetTests;
			sourceTree = "<group>";
		};
		F10000000000000000000031 /* ForgeWidgets */ = {
			isa = PBXGroup;
			children = (
				F10000000000000000000018 /* WidgetAPIClient.swift */,
				F20000000000000000000011 /* ForgeWidgetIntent.swift */,
				F20000000000000000000012 /* ForgeWidgetProvider.swift */,
				F20000000000000000000013 /* ForgeWidgetView.swift */,
				F50000000000000000000011 /* MiniTrend.swift */,
				F50000000000000000000013 /* ForgeWidgetContent.swift */,
				F20000000000000000000014 /* ForgeWidgets.swift */,
				F20000000000000000000015 /* Info.plist */,
				F20000000000000000000016 /* ForgeWidgets.entitlements */,
				F20000000000000000000017 /* WidgetFormatting.swift */,
			);
			path = ForgeWidgets;
			sourceTree = "<group>";
		};
/* End PBXGroup section */

/* Begin PBXNativeTarget section */
		F20000000000000000000040 /* ForgeWidgets */ = {
			isa = PBXNativeTarget;
			buildConfigurationList = F20000000000000000000050 /* Build configuration list for PBXNativeTarget "ForgeWidgets" */;
			buildPhases = (
				F20000000000000000000020 /* Sources */,
				F20000000000000000000021 /* Frameworks */,
				F20000000000000000000022 /* Resources */,
			);
			buildRules = (
			);
			dependencies = (
			);
			name = ForgeWidgets;
			productName = ForgeWidgets;
			productReference = F20000000000000000000010 /* ForgeWidgets.appex */;
			productType = "com.apple.product-type.app-extension";
		};
		F10000000000000000000040 /* ForgeWidgetTests */ = {
			isa = PBXNativeTarget;
			buildConfigurationList = F10000000000000000000050 /* Build configuration list for PBXNativeTarget "ForgeWidgetTests" */;
			buildPhases = (
				F10000000000000000000020 /* Sources */,
				F10000000000000000000021 /* Frameworks */,
				F10000000000000000000022 /* Resources */,
			);
			buildRules = (
			);
			dependencies = (
				F30000000000000000000021 /* PBXTargetDependency */,
			);
			name = ForgeWidgetTests;
			packageProductDependencies = (
				4D22ABE82AF431CB00220026 /* CapApp-SPM */,
			);
			productName = ForgeWidgetTests;
			productReference = F10000000000000000000010 /* ForgeWidgetTests.xctest */;
			productType = "com.apple.product-type.bundle.unit-test";
		};
		504EC3031FED79650016851F /* App */ = {
			isa = PBXNativeTarget;
			buildConfigurationList = 504EC3161FED79650016851F /* Build configuration list for PBXNativeTarget "App" */;
			buildPhases = (
				504EC3001FED79650016851F /* Sources */,
				504EC3011FED79650016851F /* Frameworks */,
				504EC3021FED79650016851F /* Resources */,
				F20000000000000000000023 /* Embed App Extensions */,
			);
			buildRules = (
			);
			dependencies = (
				F20000000000000000000061 /* PBXTargetDependency */,
			);
			name = App;
			packageProductDependencies = (
				4D22ABE82AF431CB00220026 /* CapApp-SPM */,
			);
			productName = App;
			productReference = 504EC3041FED79650016851F /* App.app */;
			productType = "com.apple.product-type.application";
		};
/* End PBXNativeTarget section */

/* Begin PBXProject section */
		504EC2FC1FED79650016851F /* Project object */ = {
			isa = PBXProject;
			attributes = {
				LastSwiftUpdateCheck = 920;
				LastUpgradeCheck = 920;
				TargetAttributes = {
					504EC3031FED79650016851F = {
						CreatedOnToolsVersion = 9.2;
						LastSwiftMigration = 1100;
						ProvisioningStyle = Automatic;
					};
					F10000000000000000000040 = {
						CreatedOnToolsVersion = 26.3;
						ProvisioningStyle = Automatic;
					};
					F20000000000000000000040 = {
						CreatedOnToolsVersion = 26.3;
						ProvisioningStyle = Automatic;
					};
				};
			};
			buildConfigurationList = 504EC2FF1FED79650016851F /* Build configuration list for PBXProject "App" */;
			compatibilityVersion = "Xcode 8.0";
			developmentRegion = en;
			hasScannedForEncodings = 0;
			knownRegions = (
				en,
				Base,
			);
			mainGroup = 504EC2FB1FED79650016851F;
			packageReferences = (
				D4C12C0A2AAA248700AAC8A2 /* XCLocalSwiftPackageReference "CapApp-SPM" */,
			);
			productRefGroup = 504EC3051FED79650016851F /* Products */;
			projectDirPath = "";
			projectRoot = "";
			targets = (
				504EC3031FED79650016851F /* App */,
				F10000000000000000000040 /* ForgeWidgetTests */,
				F20000000000000000000040 /* ForgeWidgets */,
			);
		};
/* End PBXProject section */

/* Begin PBXResourcesBuildPhase section */
		F20000000000000000000022 /* Resources */ = {
			isa = PBXResourcesBuildPhase;
			buildActionMask = 2147483647;
			files = (
			);
			runOnlyForDeploymentPostprocessing = 0;
		};
		F10000000000000000000022 /* Resources */ = {
			isa = PBXResourcesBuildPhase;
			buildActionMask = 2147483647;
			files = (
			);
			runOnlyForDeploymentPostprocessing = 0;
		};
		504EC3021FED79650016851F /* Resources */ = {
			isa = PBXResourcesBuildPhase;
			buildActionMask = 2147483647;
			files = (
				A1B2C3D4E5F60718293A4B5C /* PrivacyInfo.xcprivacy in Resources */,
				504EC3121FED79650016851F /* LaunchScreen.storyboard in Resources */,
				50B271D11FEDC1A000F3C39B /* public in Resources */,
				504EC30F1FED79650016851F /* Assets.xcassets in Resources */,
				50379B232058CBB4000EE86E /* capacitor.config.json in Resources */,
				504EC30D1FED79650016851F /* Main.storyboard in Resources */,
				2FAD9763203C412B000D30F8 /* config.xml in Resources */,
			);
			runOnlyForDeploymentPostprocessing = 0;
		};
/* End PBXResourcesBuildPhase section */

/* Begin PBXSourcesBuildPhase section */
		F20000000000000000000020 /* Sources */ = {
			isa = PBXSourcesBuildPhase;
			buildActionMask = 2147483647;
			files = (
				F20000000000000000000001 /* ForgeWidgetStore.swift in Sources */,
				F20000000000000000000002 /* WidgetAPIClient.swift in Sources */,
				F20000000000000000000003 /* ForgeWidgetIntent.swift in Sources */,
				F20000000000000000000004 /* ForgeWidgetProvider.swift in Sources */,
				F20000000000000000000005 /* ForgeWidgetView.swift in Sources */,
				F50000000000000000000001 /* MiniTrend.swift in Sources */,
				F50000000000000000000007 /* ForgeWidgetContent.swift in Sources */,
				F20000000000000000000006 /* ForgeWidgets.swift in Sources */,
				F20000000000000000000009 /* WidgetFormatting.swift in Sources */,
			);
			runOnlyForDeploymentPostprocessing = 0;
		};
		F10000000000000000000020 /* Sources */ = {
			isa = PBXSourcesBuildPhase;
			buildActionMask = 2147483647;
			files = (
				F30000000000000000000001 /* ForgeBridgeRegistrationTests.swift in Sources */,
				F10000000000000000000001 /* ForgeWidgetStoreTests.swift in Sources */,
				F10000000000000000000004 /* ForgeWidgetStore.swift in Sources */,
				F10000000000000000000007 /* WidgetProviderTests.swift in Sources */,
				F10000000000000000000008 /* WidgetAPIClient.swift in Sources */,
				F10000000000000000000009 /* WidgetFormattingTests.swift in Sources */,
				F50000000000000000000002 /* MiniTrend.swift in Sources */,
				F50000000000000000000003 /* WidgetTrendTests.swift in Sources */,
				F50000000000000000000008 /* ForgeWidgetContent.swift in Sources */,
				F50000000000000000000004 /* ForgeWidgetView.swift in Sources */,
				F50000000000000000000005 /* ForgeWidgetProvider.swift in Sources */,
				F50000000000000000000006 /* ForgeWidgetIntent.swift in Sources */,
				F2000000000000000000000A /* WidgetFormatting.swift in Sources */,
			);
			runOnlyForDeploymentPostprocessing = 0;
		};
		504EC3001FED79650016851F /* Sources */ = {
			isa = PBXSourcesBuildPhase;
			buildActionMask = 2147483647;
			files = (
				504EC3081FED79650016851F /* AppDelegate.swift in Sources */,
				F40000000000000000000001 /* SceneDelegate.swift in Sources */,
				F10000000000000000000003 /* ForgeWidgetStore.swift in Sources */,
				F10000000000000000000005 /* ForgeWidgetPlugin.swift in Sources */,
				F10000000000000000000006 /* ForgeBridgeViewController.swift in Sources */,
			);
			runOnlyForDeploymentPostprocessing = 0;
		};
/* End PBXSourcesBuildPhase section */

/* Begin PBXTargetDependency section */
		F30000000000000000000021 /* PBXTargetDependency */ = {
			isa = PBXTargetDependency;
			target = 504EC3031FED79650016851F /* App */;
			targetProxy = F30000000000000000000020 /* PBXContainerItemProxy */;
		};
		F20000000000000000000061 /* PBXTargetDependency */ = {
			isa = PBXTargetDependency;
			target = F20000000000000000000040 /* ForgeWidgets */;
			targetProxy = F20000000000000000000060 /* PBXContainerItemProxy */;
		};
/* End PBXTargetDependency section */

/* Begin PBXVariantGroup section */
		504EC30B1FED79650016851F /* Main.storyboard */ = {
			isa = PBXVariantGroup;
			children = (
				504EC30C1FED79650016851F /* Base */,
			);
			name = Main.storyboard;
			sourceTree = "<group>";
		};
		504EC3101FED79650016851F /* LaunchScreen.storyboard */ = {
			isa = PBXVariantGroup;
			children = (
				504EC3111FED79650016851F /* Base */,
			);
			name = LaunchScreen.storyboard;
			sourceTree = "<group>";
		};
/* End PBXVariantGroup section */

/* Begin XCBuildConfiguration section */
		F20000000000000000000051 /* Debug */ = {
			isa = XCBuildConfiguration;
			buildSettings = {
				APPLICATION_EXTENSION_API_ONLY = YES;
				CODE_SIGN_ENTITLEMENTS = ForgeWidgets/ForgeWidgets.entitlements;
				CODE_SIGN_STYLE = Automatic;
				CURRENT_PROJECT_VERSION = 7;
				DEVELOPMENT_TEAM = TG27DQJ464;
				GENERATE_INFOPLIST_FILE = NO;
				INFOPLIST_FILE = ForgeWidgets/Info.plist;
				IPHONEOS_DEPLOYMENT_TARGET = 17.0;
				LD_RUNPATH_SEARCH_PATHS = (
					"$(inherited)",
					"@executable_path/Frameworks",
					"@executable_path/../../Frameworks",
				);
				MARKETING_VERSION = 1.1;
				PRODUCT_BUNDLE_IDENTIFIER = app.forgecrm.widgets;
				PRODUCT_NAME = "$(TARGET_NAME)";
				SKIP_INSTALL = YES;
				SWIFT_ACTIVE_COMPILATION_CONDITIONS = DEBUG;
				SWIFT_VERSION = 5.0;
				TARGETED_DEVICE_FAMILY = "1,2";
			};
			name = Debug;
		};
		F20000000000000000000052 /* Release */ = {
			isa = XCBuildConfiguration;
			buildSettings = {
				APPLICATION_EXTENSION_API_ONLY = YES;
				CODE_SIGN_ENTITLEMENTS = ForgeWidgets/ForgeWidgets.entitlements;
				CODE_SIGN_STYLE = Automatic;
				CURRENT_PROJECT_VERSION = 7;
				DEVELOPMENT_TEAM = TG27DQJ464;
				GENERATE_INFOPLIST_FILE = NO;
				INFOPLIST_FILE = ForgeWidgets/Info.plist;
				IPHONEOS_DEPLOYMENT_TARGET = 17.0;
				LD_RUNPATH_SEARCH_PATHS = (
					"$(inherited)",
					"@executable_path/Frameworks",
					"@executable_path/../../Frameworks",
				);
				MARKETING_VERSION = 1.1;
				PRODUCT_BUNDLE_IDENTIFIER = app.forgecrm.widgets;
				PRODUCT_NAME = "$(TARGET_NAME)";
				SKIP_INSTALL = YES;
				SWIFT_VERSION = 5.0;
				TARGETED_DEVICE_FAMILY = "1,2";
			};
			name = Release;
		};
		F10000000000000000000051 /* Debug */ = {
			isa = XCBuildConfiguration;
			buildSettings = {
				BUNDLE_LOADER = "$(TEST_HOST)";
				CODE_SIGN_STYLE = Automatic;
				CURRENT_PROJECT_VERSION = 7;
				DEVELOPMENT_TEAM = TG27DQJ464;
				GENERATE_INFOPLIST_FILE = NO;
				INFOPLIST_FILE = ForgeWidgetTests/Info.plist;
				IPHONEOS_DEPLOYMENT_TARGET = 17.0;
				LD_RUNPATH_SEARCH_PATHS = (
					"$(inherited)",
					"@executable_path/Frameworks",
					"@loader_path/Frameworks",
				);
				PRODUCT_BUNDLE_IDENTIFIER = app.forgecrm.widgettests;
				PRODUCT_NAME = "$(TARGET_NAME)";
				SWIFT_ACTIVE_COMPILATION_CONDITIONS = DEBUG;
				SWIFT_VERSION = 5.0;
				TARGETED_DEVICE_FAMILY = "1,2";
				TEST_HOST = "$(BUILT_PRODUCTS_DIR)/App.app/App";
			};
			name = Debug;
		};
		F10000000000000000000052 /* Release */ = {
			isa = XCBuildConfiguration;
			buildSettings = {
				BUNDLE_LOADER = "$(TEST_HOST)";
				CODE_SIGN_STYLE = Automatic;
				CURRENT_PROJECT_VERSION = 7;
				DEVELOPMENT_TEAM = TG27DQJ464;
				GENERATE_INFOPLIST_FILE = NO;
				INFOPLIST_FILE = ForgeWidgetTests/Info.plist;
				IPHONEOS_DEPLOYMENT_TARGET = 17.0;
				LD_RUNPATH_SEARCH_PATHS = (
					"$(inherited)",
					"@executable_path/Frameworks",
					"@loader_path/Frameworks",
				);
				PRODUCT_BUNDLE_IDENTIFIER = app.forgecrm.widgettests;
				PRODUCT_NAME = "$(TARGET_NAME)";
				SWIFT_VERSION = 5.0;
				TARGETED_DEVICE_FAMILY = "1,2";
				TEST_HOST = "$(BUILT_PRODUCTS_DIR)/App.app/App";
			};
			name = Release;
		};
		504EC3141FED79650016851F /* Debug */ = {
			isa = XCBuildConfiguration;
			baseConfigurationReference = 958DCC722DB07C7200EA8C5F /* debug.xcconfig */;
			buildSettings = {
				ALWAYS_SEARCH_USER_PATHS = NO;
				CLANG_ANALYZER_NONNULL = YES;
				CLANG_ANALYZER_NUMBER_OBJECT_CONVERSION = YES_AGGRESSIVE;
				CLANG_CXX_LANGUAGE_STANDARD = "gnu++14";
				CLANG_CXX_LIBRARY = "libc++";
				CLANG_ENABLE_MODULES = YES;
				CLANG_ENABLE_OBJC_ARC = YES;
				CLANG_WARN_BLOCK_CAPTURE_AUTORELEASING = YES;
				CLANG_WARN_BOOL_CONVERSION = YES;
				CLANG_WARN_COMMA = YES;
				CLANG_WARN_CONSTANT_CONVERSION = YES;
				CLANG_WARN_DIRECT_OBJC_ISA_USAGE = YES_ERROR;
				CLANG_WARN_DOCUMENTATION_COMMENTS = YES;
				CLANG_WARN_EMPTY_BODY = YES;
				CLANG_WARN_ENUM_CONVERSION = YES;
				CLANG_WARN_INFINITE_RECURSION = YES;
				CLANG_WARN_INT_CONVERSION = YES;
				CLANG_WARN_NON_LITERAL_NULL_CONVERSION = YES;
				CLANG_WARN_OBJC_LITERAL_CONVERSION = YES;
				CLANG_WARN_OBJC_ROOT_CLASS = YES_ERROR;
				CLANG_WARN_RANGE_LOOP_ANALYSIS = YES;
				CLANG_WARN_STRICT_PROTOTYPES = YES;
				CLANG_WARN_SUSPICIOUS_MOVE = YES;
				CLANG_WARN_UNGUARDED_AVAILABILITY = YES_AGGRESSIVE;
				CLANG_WARN_UNREACHABLE_CODE = YES;
				CLANG_WARN__DUPLICATE_METHOD_MATCH = YES;
				CODE_SIGN_IDENTITY = "iPhone Developer";
				COPY_PHASE_STRIP = NO;
				DEBUG_INFORMATION_FORMAT = dwarf;
				ENABLE_STRICT_OBJC_MSGSEND = YES;
				ENABLE_TESTABILITY = YES;
				GCC_C_LANGUAGE_STANDARD = gnu11;
				GCC_DYNAMIC_NO_PIC = NO;
				GCC_NO_COMMON_BLOCKS = YES;
				GCC_OPTIMIZATION_LEVEL = 0;
				GCC_PREPROCESSOR_DEFINITIONS = (
					"DEBUG=1",
					"$(inherited)",
				);
				GCC_WARN_64_TO_32_BIT_CONVERSION = YES;
				GCC_WARN_ABOUT_RETURN_TYPE = YES_ERROR;
				GCC_WARN_UNDECLARED_SELECTOR = YES;
				GCC_WARN_UNINITIALIZED_AUTOS = YES_AGGRESSIVE;
				GCC_WARN_UNUSED_FUNCTION = YES;
				GCC_WARN_UNUSED_VARIABLE = YES;
				IPHONEOS_DEPLOYMENT_TARGET = 15.0;
				MTL_ENABLE_DEBUG_INFO = YES;
				ONLY_ACTIVE_ARCH = YES;
				SDKROOT = iphoneos;
				SWIFT_ACTIVE_COMPILATION_CONDITIONS = DEBUG;
				SWIFT_OPTIMIZATION_LEVEL = "-Onone";
			};
			name = Debug;
		};
		504EC3151FED79650016851F /* Release */ = {
			isa = XCBuildConfiguration;
			buildSettings = {
				ALWAYS_SEARCH_USER_PATHS = NO;
				CLANG_ANALYZER_NONNULL = YES;
				CLANG_ANALYZER_NUMBER_OBJECT_CONVERSION = YES_AGGRESSIVE;
				CLANG_CXX_LANGUAGE_STANDARD = "gnu++14";
				CLANG_CXX_LIBRARY = "libc++";
				CLANG_ENABLE_MODULES = YES;
				CLANG_ENABLE_OBJC_ARC = YES;
				CLANG_WARN_BLOCK_CAPTURE_AUTORELEASING = YES;
				CLANG_WARN_BOOL_CONVERSION = YES;
				CLANG_WARN_COMMA = YES;
				CLANG_WARN_CONSTANT_CONVERSION = YES;
				CLANG_WARN_DIRECT_OBJC_ISA_USAGE = YES_ERROR;
				CLANG_WARN_DOCUMENTATION_COMMENTS = YES;
				CLANG_WARN_EMPTY_BODY = YES;
				CLANG_WARN_ENUM_CONVERSION = YES;
				CLANG_WARN_INFINITE_RECURSION = YES;
				CLANG_WARN_INT_CONVERSION = YES;
				CLANG_WARN_NON_LITERAL_NULL_CONVERSION = YES;
				CLANG_WARN_OBJC_LITERAL_CONVERSION = YES;
				CLANG_WARN_OBJC_ROOT_CLASS = YES_ERROR;
				CLANG_WARN_RANGE_LOOP_ANALYSIS = YES;
				CLANG_WARN_STRICT_PROTOTYPES = YES;
				CLANG_WARN_SUSPICIOUS_MOVE = YES;
				CLANG_WARN_UNGUARDED_AVAILABILITY = YES_AGGRESSIVE;
				CLANG_WARN_UNREACHABLE_CODE = YES;
				CLANG_WARN__DUPLICATE_METHOD_MATCH = YES;
				CODE_SIGN_IDENTITY = "iPhone Developer";
				COPY_PHASE_STRIP = NO;
				DEBUG_INFORMATION_FORMAT = "dwarf-with-dsym";
				ENABLE_NS_ASSERTIONS = NO;
				ENABLE_STRICT_OBJC_MSGSEND = YES;
				GCC_C_LANGUAGE_STANDARD = gnu11;
				GCC_NO_COMMON_BLOCKS = YES;
				GCC_WARN_64_TO_32_BIT_CONVERSION = YES;
				GCC_WARN_ABOUT_RETURN_TYPE = YES_ERROR;
				GCC_WARN_UNDECLARED_SELECTOR = YES;
				GCC_WARN_UNINITIALIZED_AUTOS = YES_AGGRESSIVE;
				GCC_WARN_UNUSED_FUNCTION = YES;
				GCC_WARN_UNUSED_VARIABLE = YES;
				IPHONEOS_DEPLOYMENT_TARGET = 15.0;
				MTL_ENABLE_DEBUG_INFO = NO;
				SDKROOT = iphoneos;
				SWIFT_COMPILATION_MODE = wholemodule;
				SWIFT_OPTIMIZATION_LEVEL = "-O";
				VALIDATE_PRODUCT = YES;
			};
			name = Release;
		};
		504EC3171FED79650016851F /* Debug */ = {
			isa = XCBuildConfiguration;
			baseConfigurationReference = 958DCC722DB07C7200EA8C5F /* debug.xcconfig */;
			buildSettings = {
				ASSETCATALOG_COMPILER_APPICON_NAME = AppIcon;
				CODE_SIGN_ENTITLEMENTS = App/App.entitlements;
				CODE_SIGN_STYLE = Automatic;
				CURRENT_PROJECT_VERSION = 7;
				DEVELOPMENT_TEAM = TG27DQJ464;
				INFOPLIST_FILE = App/Info.plist;
				IPHONEOS_DEPLOYMENT_TARGET = 15.0;
				LD_RUNPATH_SEARCH_PATHS = (
					"$(inherited)",
					"@executable_path/Frameworks",
				);
				MARKETING_VERSION = 1.1;
				OTHER_SWIFT_FLAGS = "$(inherited) \"-D\" \"COCOAPODS\" \"-DDEBUG\"";
				PRODUCT_BUNDLE_IDENTIFIER = app.forgecrm;
				PRODUCT_NAME = "$(TARGET_NAME)";
				SWIFT_ACTIVE_COMPILATION_CONDITIONS = DEBUG;
				SWIFT_VERSION = 5.0;
				TARGETED_DEVICE_FAMILY = "1,2";
			};
			name = Debug;
		};
		504EC3181FED79650016851F /* Release */ = {
			isa = XCBuildConfiguration;
			buildSettings = {
				ASSETCATALOG_COMPILER_APPICON_NAME = AppIcon;
				CODE_SIGN_ENTITLEMENTS = App/App.entitlements;
				CODE_SIGN_STYLE = Automatic;
				CURRENT_PROJECT_VERSION = 7;
				DEVELOPMENT_TEAM = TG27DQJ464;
				INFOPLIST_FILE = App/Info.plist;
				IPHONEOS_DEPLOYMENT_TARGET = 15.0;
				LD_RUNPATH_SEARCH_PATHS = (
					"$(inherited)",
					"@executable_path/Frameworks",
				);
				MARKETING_VERSION = 1.1;
				PRODUCT_BUNDLE_IDENTIFIER = app.forgecrm;
				PRODUCT_NAME = "$(TARGET_NAME)";
				SWIFT_ACTIVE_COMPILATION_CONDITIONS = "";
				SWIFT_VERSION = 5.0;
				TARGETED_DEVICE_FAMILY = "1,2";
			};
			name = Release;
		};
/* End XCBuildConfiguration section */

/* Begin XCConfigurationList section */
		F20000000000000000000050 /* Build configuration list for PBXNativeTarget "ForgeWidgets" */ = {
			isa = XCConfigurationList;
			buildConfigurations = (
				F20000000000000000000051 /* Debug */,
				F20000000000000000000052 /* Release */,
			);
			defaultConfigurationIsVisible = 0;
			defaultConfigurationName = Release;
		};
		F10000000000000000000050 /* Build configuration list for PBXNativeTarget "ForgeWidgetTests" */ = {
			isa = XCConfigurationList;
			buildConfigurations = (
				F10000000000000000000051 /* Debug */,
				F10000000000000000000052 /* Release */,
			);
			defaultConfigurationIsVisible = 0;
			defaultConfigurationName = Release;
		};
		504EC2FF1FED79650016851F /* Build configuration list for PBXProject "App" */ = {
			isa = XCConfigurationList;
			buildConfigurations = (
				504EC3141FED79650016851F /* Debug */,
				504EC3151FED79650016851F /* Release */,
			);
			defaultConfigurationIsVisible = 0;
			defaultConfigurationName = Release;
		};
		504EC3161FED79650016851F /* Build configuration list for PBXNativeTarget "App" */ = {
			isa = XCConfigurationList;
			buildConfigurations = (
				504EC3171FED79650016851F /* Debug */,
				504EC3181FED79650016851F /* Release */,
			);
			defaultConfigurationIsVisible = 0;
			defaultConfigurationName = Release;
		};
/* End XCConfigurationList section */

/* Begin XCLocalSwiftPackageReference section */
		D4C12C0A2AAA248700AAC8A2 /* XCLocalSwiftPackageReference "CapApp-SPM" */ = {
			isa = XCLocalSwiftPackageReference;
			relativePath = "CapApp-SPM";
		};
/* End XCLocalSwiftPackageReference section */

/* Begin XCSwiftPackageProductDependency section */
		4D22ABE82AF431CB00220026 /* CapApp-SPM */ = {
			isa = XCSwiftPackageProductDependency;
			package = D4C12C0A2AAA248700AAC8A2 /* XCLocalSwiftPackageReference "CapApp-SPM" */;
			productName = "CapApp-SPM";
		};
/* End XCSwiftPackageProductDependency section */
	};
	rootObject = 504EC2FC1FED79650016851F /* Project object */;
}
